# THIS IS AN AUTOGENERATED FILE. DO NOT EDIT THIS FILE DIRECTLY.
# yarn lockfile v1


"@types/node@*":
  version "10.0.9"
  resolved "https://registry.yarnpkg.com/@types/node/-/node-10.0.9.tgz#7cb73a6ef9cf4e41e5354e114e824bfdfd96a6b4"

"@types/react-dom@^16.0.5":
  version "16.0.5"
  resolved "https://registry.yarnpkg.com/@types/react-dom/-/react-dom-16.0.5.tgz#a757457662e3819409229e8f86795ff37b371f96"
  dependencies:
    "@types/node" "*"
    "@types/react" "*"

"@types/react@*", "@types/react@^16.3.14":
  version "16.3.14"
  resolved "https://registry.yarnpkg.com/@types/react/-/react-16.3.14.tgz#f90ac6834de172e13ecca430dcb6814744225d36"
  dependencies:
    csstype "^2.2.0"

csstype@^2.2.0:
  version "2.5.1"
  resolved "https://registry.yarnpkg.com/csstype/-/csstype-2.5.1.tgz#654231d1ddddfc3eb93da281a1144e7c14fc0bdc"

rxjs@^5.5.10:
  version "5.5.10"
  resolved "https://registry.yarnpkg.com/rxjs/-/rxjs-5.5.10.tgz#fde02d7a614f6c8683d0d1957827f492e09db045"
  dependencies:
    symbol-observable "1.0.1"

symbol-observable@1.0.1:
  version "1.0.1"
  resolved "https://registry.yarnpkg.com/symbol-observable/-/symbol-observable-1.0.1.tgz#8340fc4702c3122df5d22288f88283f513d3fdd4"

tslib@^1.9.0:
  version "1.9.0"
  resolved "https://registry.yarnpkg.com/tslib/-/tslib-1.9.0.tgz#e37a86fda8cbbaf23a057f473c9f4dc64e5fc2e8"

typescript@^2.8.3:
  version "2.8.3"
  resolved "https://registry.yarnpkg.com/typescript/-/typescript-2.8.3.tgz#5d817f9b6f31bb871835f4edf0089f21abe6c170"
